// !$*UTF8*$!
{
	archiveVersion = 1;
	classes = {
	};
	objectVersion = 56;
	objects = {

/* Begin PBXBuildFile section */
		D68512282C15C2E500B1DA1A /* GridSwipeApp.swift in Sources */ = {isa = PBXBuildFile; fileRef = D68512272C15C2E500B1DA1A /* GridSwipeApp.swift */; };
		D685122A2C15C2E500B1DA1A /* ContentView.swift in Sources */ = {isa = PBXBuildFile; fileRef = D68512292C15C2E500B1DA1A /* ContentView.swift */; };
		D685122C2C15C2E700B1DA1A /* Assets.xcassets in Resources */ = {isa = PBXBuildFile; fileRef = D685122B2C15C2E700B1DA1A /* Assets.xcassets */; };
		D685122F2C15C2E700B1DA1A /* Preview Assets.xcassets in Resources */ = {isa = PBXBuildFile; fileRef = D685122E2C15C2E700B1DA1A /* Preview Assets.xcassets */; };
		D68512392C15C2E800B1DA1A /* GridSwipeTests.swift in Sources */ = {isa = PBXBuildFile; fileRef = D68512382C15C2E800B1DA1A /* GridSwipeTests.swift */; };
		D68512432C15C2E800B1DA1A /* GridSwipeUITests.swift in Sources */ = {isa = PBXBuildFile; fileRef = D68512422C15C2E800B1DA1A /* GridSwipeUITests.swift */; };
		D68512452C15C2E800B1DA1A /* GridSwipeUITestsLaunchTests.swift in Sources */ = {isa = PBXBuildFile; fileRef = D68512442C15C2E800B1DA1A /* GridSwipeUITestsLaunchTests.swift */; };
/* End PBXBuildFile section */

/* Begin PBXContainerItemProxy section */
		D68512352C15C2E800B1DA1A /* PBXContainerItemProxy */ = {
			isa = PBXContainerItemProxy;
			containerPortal = D685121C2C15C2E500B1DA1A /* Project object */;
			proxyType = 1;
			remoteGlobalIDString = D68512232C15C2E500B1DA1A;
			remoteInfo = GridSwipe;
		};
		D685123F2C15C2E800B1DA1A /* PBXContainerItemProxy */ = {
			isa = PBXContainerItemProxy;
			containerPortal = D685121C2C15C2E500B1DA1A /* Project object */;
			proxyType = 1;
			remoteGlobalIDString = D68512232C15C2E500B1DA1A;
			remoteInfo = GridSwipe;
		};
/* End PBXContainerItemProxy section */

/* Begin PBXFileReference section */
		D68512242C15C2E500B1DA1A /* GridSwipe.app */ = {isa = PBXFileReference; explicitFileType = wrapper.application; includeInIndex = 0; path = GridSwipe.app; sourceTree = BUILT_PRODUCTS_DIR; };
		D68512272C15C2E500B1DA1A /* GridSwipeApp.swift */ = {isa = PBXFileReference; lastKnownFileType = sourcecode.swift; path = GridSwipeApp.swift; sourceTree = "<group>"; };
		D68512292C15C2E500B1DA1A /* ContentView.swift */ = {isa = PBXFileReference; lastKnownFileType = sourcecode.swift; path = ContentView.swift; sourceTree = "<group>"; };
		D685122B2C15C2E700B1DA1A /* Assets.xcassets */ = {isa = PBXFileReference; lastKnownFileType = folder.assetcatalog; path = Assets.xcassets; sourceTree = "<group>"; };
		D685122E2C15C2E700B1DA1A /* Preview Assets.xcassets */ = {isa = PBXFileReference; lastKnownFileType = folder.assetcatalog; path = "Preview Assets.xcassets"; sourceTree = "<group>"; };
		D68512342C15C2E800B1DA1A /* GridSwipeTests.xctest */ = {isa = PBXFileReference; explicitFileType = wrapper.cfbundle; includeInIndex = 0; path = GridSwipeTests.xctest; sourceTree = BUILT_PRODUCTS_DIR; };
		D68512382C15C2E800B1DA1A /* GridSwipeTests.swift */ = {isa = PBXFileReference; lastKnownFileType = sourcecode.swift; path = GridSwipeTests.swift; sourceTree = "<group>"; };
		D685123E2C15C2E800B1DA1A /* GridSwipeUITests.xctest */ = {isa = PBXFileReference; explicitFileType = wrapper.cfbundle; includeInIndex = 0; path = GridSwipeUITests.xctest; sourceTree = BUILT_PRODUCTS_DIR; };
		D68512422C15C2E800B1DA1A /* GridSwipeUITests.swift */ = {isa = PBXFileReference; lastKnownFileType = sourcecode.swift; path = GridSwipeUITests.swift; sourceTree = "<group>"; };
		D68512442C15C2E800B1DA1A /* GridSwipeUITestsLaunchTests.swift */ = {isa = PBXFileReference; lastKnownFileType = sourcecode.swift; path = GridSwipeUITestsLaunchTests.swift; sourceTree = "<group>"; };
/* End PBXFileReference section */

/* Begin PBXFrameworksBuildPhase section */
		D68512212C15C2E500B1DA1A /* Frameworks */ = {
			isa = PBXFrameworksBuildPhase;
			buildActionMask = 2147483647;
			files = (
			);
			runOnlyForDeploymentPostprocessing = 0;
		};
		D68512312C15C2E800B1DA1A /* Frameworks */ = {
			isa = PBXFrameworksBuildPhase;
			buildActionMask = 2147483647;
			files = (
			);
			runOnlyForDeploymentPostprocessing = 0;
		};
		D685123B2C15C2E800B1DA1A /* Frameworks */ = {
			isa = PBXFrameworksBuildPhase;
			buildActionMask = 2147483647;
			files = (
			);
			runOnlyForDeploymentPostprocessing = 0;
		};
/* End PBXFrameworksBuildPhase section */

/* Begin PBXGroup section */
		D685121B2C15C2E500B1DA1A = {
			isa = PBXGroup;
			children = (
				D68512262C15C2E500B1DA1A /* GridSwipe */,
				D68512372C15C2E800B1DA1A /* GridSwipeTests */,
				D68512412C15C2E800B1DA1A /* GridSwipeUITests */,
				D68512252C15C2E500B1DA1A /* Products */,
			);
			sourceTree = "<group>";
		};
		D68512252C15C2E500B1DA1A /* Products */ = {
			isa = PBXGroup;
			children = (
				D68512242C15C2E500B1DA1A /* GridSwipe.app */,
				D68512342C15C2E800B1DA1A /* GridSwipeTests.xctest */,
				D685123E2C15C2E800B1DA1A /* GridSwipeUITests.xctest */,
			);
			name = Products;
			sourceTree = "<group>";
		};
		D68512262C15C2E500B1DA1A /* GridSwipe */ = {
			isa = PBXGroup;
			children = (
				D68512272C15C2E500B1DA1A /* GridSwipeApp.swift */,
				D68512292C15C2E500B1DA1A /* ContentView.swift */,
				D685122B2C15C2E700B1DA1A /* Assets.xcassets */,
				D685122D2C15C2E700B1DA1A /* Preview Content */,
			);
			path = GridSwipe;
			sourceTree = "<group>";
		};
		D685122D2C15C2E700B1DA1A /* Preview Content */ = {
			isa = PBXGroup;
			children = (
				D685122E2C15C2E700B1DA1A /* Preview Assets.xcassets */,
			);
			path = "Preview Content";
			sourceTree = "<group>";
		};
		D68512372C15C2E800B1DA1A /* GridSwipeTests */ = {
			isa = PBXGroup;
			children = (
				D68512382C15C2E800B1DA1A /* GridSwipeTests.swift */,
			);
			path = GridSwipeTests;
			sourceTree = "<group>";
		};
		D68512412C15C2E800B1DA1A /* GridSwipeUITests */ = {
			isa = PBXGroup;
			children = (
				D68512422C15C2E800B1DA1A /* GridSwipeUITests.swift */,
				D68512442C15C2E800B1DA1A /* GridSwipeUITestsLaunchTests.swift */,
			);
			path = GridSwipeUITests;
			sourceTree = "<group>";
		};
/* End PBXGroup section */

/* Begin PBXNativeTarget section */
		D68512232C15C2E500B1DA1A /* GridSwipe */ = {
			isa = PBXNativeTarget;
			buildConfigurationList = D68512482C15C2E800B1DA1A /* Build configuration list for PBXNativeTarget "GridSwipe" */;
			buildPhases = (
				D68512202C15C2E500B1DA1A /* Sources */,
				D68512212C15C2E500B1DA1A /* Frameworks */,
				D68512222C15C2E500B1DA1A /* Resources */,
			);
			buildRules = (
			);
			dependencies = (
			);
			name = GridSwipe;
			productName = GridSwipe;
			productReference = D68512242C15C2E500B1DA1A /* GridSwipe.app */;
			productType = "com.apple.product-type.application";
		};
		D68512332C15C2E800B1DA1A /* GridSwipeTests */ = {
			isa = PBXNativeTarget;
			buildConfigurationList = D685124B2C15C2E800B1DA1A /* Build configuration list for PBXNativeTarget "GridSwipeTests" */;
			buildPhases = (
				D68512302C15C2E800B1DA1A /* Sources */,
				D68512312C15C2E800B1DA1A /* Frameworks */,
				D68512322C15C2E800B1DA1A /* Resources */,
			);
			buildRules = (
			);
			dependencies = (
				D68512362C15C2E800B1DA1A /* PBXTargetDependency */,
			);
			name = GridSwipeTests;
			productName = GridSwipeTests;
			productReference = D68512342C15C2E800B1DA1A /* GridSwipeTests.xctest */;
			productType = "com.apple.product-type.bundle.unit-test";
		};
		D685123D2C15C2E800B1DA1A /* GridSwipeUITests */ = {
			isa = PBXNativeTarget;
			buildConfigurationList = D685124E2C15C2E800B1DA1A /* Build configuration list for PBXNativeTarget "GridSwipeUITests" */;
			buildPhases = (
				D685123A2C15C2E800B1DA1A /* Sources */,
				D685123B2C15C2E800B1DA1A /* Frameworks */,
				D685123C2C15C2E800B1DA1A /* Resources */,
			);
			buildRules = (
			);
			dependencies = (
				D68512402C15C2E800B1DA1A /* PBXTargetDependency */,
			);
			name = GridSwipeUITests;
			productName = GridSwipeUITests;
			productReference = D685123E2C15C2E800B1DA1A /* GridSwipeUITests.xctest */;
			productType = "com.apple.product-type.bundle.ui-testing";
		};
/* End PBXNativeTarget section */

/* Begin PBXProject section */
		D685121C2C15C2E500B1DA1A /* Project object */ = {
			isa = PBXProject;
			attributes = {
				BuildIndependentTargetsInParallel = 1;
				LastSwiftUpdateCheck = 1540;
				LastUpgradeCheck = 1540;
				TargetAttributes = {
					D68512232C15C2E500B1DA1A = {
						CreatedOnToolsVersion = 15.4;
					};
					D68512332C15C2E800B1DA1A = {
						CreatedOnToolsVersion = 15.4;
						TestTargetID = D68512232C15C2E500B1DA1A;
					};
					D685123D2C15C2E800B1DA1A = {
						CreatedOnToolsVersion = 15.4;
						TestTargetID = D68512232C15C2E500B1DA1A;
					};
				};
			};
			buildConfigurationList = D685121F2C15C2E500B1DA1A /* Build configuration list for PBXProject "GridSwipe" */;
			compatibilityVersion = "Xcode 14.0";
			developmentRegion = en;
			hasScannedForEncodings = 0;
			knownRegions = (
				en,
				Base,
			);
			mainGroup = D685121B2C15C2E500B1DA1A;
			productRefGroup = D68512252C15C2E500B1DA1A /* Products */;
			projectDirPath = "";
			projectRoot = "";
			targets = (
				D68512232C15C2E500B1DA1A /* GridSwipe */,
				D68512332C15C2E800B1DA1A /* GridSwipeTests */,
				D685123D2C15C2E800B1DA1A /* GridSwipeUITests */,
			);
		};
/* End PBXProject section */

/* Begin PBXResourcesBuildPhase section */
		D68512222C15C2E500B1DA1A /* Resources */ = {
			isa = PBXResourcesBuildPhase;
			buildActionMask = 2147483647;
			files = (
				D685122F2C15C2E700B1DA1A /* Preview Assets.xcassets in Resources */,
				D685122C2C15C2E700B1DA1A /* Assets.xcassets in Resources */,
			);
			runOnlyForDeploymentPostprocessing = 0;
		};
		D68512322C15C2E800B1DA1A /* Resources */ = {
			isa = PBXResourcesBuildPhase;
			buildActionMask = 2147483647;
			files = (
			);
			runOnlyForDeploymentPostprocessing = 0;
		};
		D685123C2C15C2E800B1DA1A /* Resources */ = {
			isa = PBXResourcesBuildPhase;
			buildActionMask = 2147483647;
			files = (
			);
			runOnlyForDeploymentPostprocessing = 0;
		};
/* End PBXResourcesBuildPhase section */

/* Begin PBXSourcesBuildPhase section */
		D68512202C15C2E500B1DA1A /* Sources */ = {
			isa = PBXSourcesBuildPhase;
			buildActionMask = 2147483647;
			files = (
				D685122A2C15C2E500B1DA1A /* ContentView.swift in Sources */,
				D68512282C15C2E500B1DA1A /* GridSwipeApp.swift in Sources */,
			);
			runOnlyForDeploymentPostprocessing = 0;
		};
		D68512302C15C2E800B1DA1A /* Sources */ = {
			isa = PBXSourcesBuildPhase;
			buildActionMask = 2147483647;
			files = (
				D68512392C15C2E800B1DA1A /* GridSwipeTests.swift in Sources */,
			);
			runOnlyForDeploymentPostprocessing = 0;
		};
		D685123A2C15C2E800B1DA1A /* Sources */ = {
			isa = PBXSourcesBuildPhase;
			buildActionMask = 2147483647;
			files = (
				D68512432C15C2E800B1DA1A /* GridSwipeUITests.swift in Sources */,
				D68512452C15C2E800B1DA1A /* GridSwipeUITestsLaunchTests.swift in Sources */,
			);
			runOnlyForDeploymentPostprocessing = 0;
		};
/* End PBXSourcesBuildPhase section */

/* Begin PBXTargetDependency section */
		D68512362C15C2E800B1DA1A /* PBXTargetDependency */ = {
			isa = PBXTargetDependency;
			target = D68512232C15C2E500B1DA1A /* GridSwipe */;
			targetProxy = D68512352C15C2E800B1DA1A /* PBXContainerItemProxy */;
		};
		D68512402C15C2E800B1DA1A /* PBXTargetDependency */ = {
			isa = PBXTargetDependency;
			target = D68512232C15C2E500B1DA1A /* GridSwipe */;
			targetProxy = D685123F2C15C2E800B1DA1A /* PBXContainerItemProxy */;
		};
/* End PBXTargetDependency section */

/* Begin XCBuildConfiguration section */
		D68512462C15C2E800B1DA1A /* Debug */ = {
			isa = XCBuildConfiguration;
			buildSettings = {
				ALWAYS_SEARCH_USER_PATHS = NO;
				ASSETCATALOG_COMPILER_GENERATE_SWIFT_ASSET_SYMBOL_EXTENSIONS = YES;
				CLANG_ANALYZER_NONNULL = YES;
				CLANG_ANALYZER_NUMBER_OBJECT_CONVERSION = YES_AGGRESSIVE;
				CLANG_CXX_LANGUAGE_STANDARD = "gnu++20";
				CLANG_ENABLE_MODULES = YES;
				CLANG_ENABLE_OBJC_ARC = YES;
				CLANG_ENABLE_OBJC_WEAK = YES;
				CLANG_WARN_BLOCK_CAPTURE_AUTORELEASING = YES;
				CLANG_WARN_BOOL_CONVERSION = YES;
				CLANG_WARN_COMMA = YES;
				CLANG_WARN_CONSTANT_CONVERSION = YES;
				CLANG_WARN_DEPRECATED_OBJC_IMPLEMENTATIONS = YES;
				CLANG_WARN_DIRECT_OBJC_ISA_USAGE = YES_ERROR;
				CLANG_WARN_DOCUMENTATION_COMMENTS = YES;
				CLANG_WARN_EMPTY_BODY = YES;
				CLANG_WARN_ENUM_CONVERSION = YES;
				CLANG_WARN_INFINITE_RECURSION = YES;
				CLANG_WARN_INT_CONVERSION = YES;
				CLANG_WARN_NON_LITERAL_NULL_CONVERSION = YES;
				CLANG_WARN_OBJC_IMPLICIT_RETAIN_SELF = YES;
				CLANG_WARN_OBJC_LITERAL_CONVERSION = YES;
				CLANG_WARN_OBJC_ROOT_CLASS = YES_ERROR;
				CLANG_WARN_QUOTED_INCLUDE_IN_FRAMEWORK_HEADER = YES;
				CLANG_WARN_RANGE_LOOP_ANALYSIS = YES;
				CLANG_WARN_STRICT_PROTOTYPES = YES;
				CLANG_WARN_SUSPICIOUS_MOVE = YES;
				CLANG_WARN_UNGUARDED_AVAILABILITY = YES_AGGRESSIVE;
				CLANG_WARN_UNREACHABLE_CODE = YES;
				CLANG_WARN__DUPLICATE_METHOD_MATCH = YES;
				COPY_PHASE_STRIP = NO;
				DEBUG_INFORMATION_FORMAT = dwarf;
				ENABLE_STRICT_OBJC_MSGSEND = YES;
				ENABLE_TESTABILITY = YES;
				ENABLE_USER_SCRIPT_SANDBOXING = YES;
				GCC_C_LANGUAGE_STANDARD = gnu17;
				GCC_DYNAMIC_NO_PIC = NO;
				GCC_NO_COMMON_BLOCKS = YES;
				GCC_OPTIMIZATION_LEVEL = 0;
				GCC_PREPROCESSOR_DEFINITIONS = (
					"DEBUG=1",
					"$(inherited)",
				);
				GCC_WARN_64_TO_32_BIT_CONVERSION = YES;
				GCC_WARN_ABOUT_RETURN_TYPE = YES_ERROR;
				GCC_WARN_UNDECLARED_SELECTOR = YES;
				GCC_WARN_UNINITIALIZED_AUTOS = YES_AGGRESSIVE;
				GCC_WARN_UNUSED_FUNCTION = YES;
				GCC_WARN_UNUSED_VARIABLE = YES;
				IPHONEOS_DEPLOYMENT_TARGET = 17.5;
				LOCALIZATION_PREFERS_STRING_CATALOGS = YES;
				MTL_ENABLE_DEBUG_INFO = INCLUDE_SOURCE;
				MTL_FAST_MATH = YES;
				ONLY_ACTIVE_ARCH = YES;
				SDKROOT = iphoneos;
				SWIFT_ACTIVE_COMPILATION_CONDITIONS = "DEBUG $(inherited)";
				SWIFT_OPTIMIZATION_LEVEL = "-Onone";
			};
			name = Debug;
		};
		D68512472C15C2E800B1DA1A /* Release */ = {
			isa = XCBuildConfiguration;
			buildSettings = {
				ALWAYS_SEARCH_USER_PATHS = NO;
				ASSETCATALOG_COMPILER_GENERATE_SWIFT_ASSET_SYMBOL_EXTENSIONS = YES;
				CLANG_ANALYZER_NONNULL = YES;
				CLANG_ANALYZER_NUMBER_OBJECT_CONVERSION = YES_AGGRESSIVE;
				CLANG_CXX_LANGUAGE_STANDARD = "gnu++20";
				CLANG_ENABLE_MODULES = YES;
				CLANG_ENABLE_OBJC_ARC = YES;
				CLANG_ENABLE_OBJC_WEAK = YES;
				CLANG_WARN_BLOCK_CAPTURE_AUTORELEASING = YES;
				CLANG_WARN_BOOL_CONVERSION = YES;
				CLANG_WARN_COMMA = YES;
				CLANG_WARN_CONSTANT_CONVERSION = YES;
				CLANG_WARN_DEPRECATED_OBJC_IMPLEMENTATIONS = YES;
				CLANG_WARN_DIRECT_OBJC_ISA_USAGE = YES_ERROR;
				CLANG_WARN_DOCUMENTATION_COMMENTS = YES;
				CLANG_WARN_EMPTY_BODY = YES;
				CLANG_WARN_ENUM_CONVERSION = YES;
				CLANG_WARN_INFINITE_RECURSION = YES;
				CLANG_WARN_INT_CONVERSION = YES;
				CLANG_WARN_NON_LITERAL_NULL_CONVERSION = YES;
				CLANG_WARN_OBJC_IMPLICIT_RETAIN_SELF = YES;
				CLANG_WARN_OBJC_LITERAL_CONVERSION = YES;
				CLANG_WARN_OBJC_ROOT_CLASS = YES_ERROR;
				CLANG_WARN_QUOTED_INCLUDE_IN_FRAMEWORK_HEADER = YES;
				CLANG_WARN_RANGE_LOOP_ANALYSIS = YES;
				CLANG_WARN_STRICT_PROTOTYPES = YES;
				CLANG_WARN_SUSPICIOUS_MOVE = YES;
				CLANG_WARN_UNGUARDED_AVAILABILITY = YES_AGGRESSIVE;
				CLANG_WARN_UNREACHABLE_CODE = YES;
				CLANG_WARN__DUPLICATE_METHOD_MATCH = YES;
				COPY_PHASE_STRIP = NO;
				DEBUG_INFORMATION_FORMAT = "dwarf-with-dsym";
				ENABLE_NS_ASSERTIONS = NO;
				ENABLE_STRICT_OBJC_MSGSEND = YES;
				ENABLE_USER_SCRIPT_SANDBOXING = YES;
				GCC_C_LANGUAGE_STANDARD = gnu17;
				GCC_NO_COMMON_BLOCKS = YES;
				GCC_WARN_64_TO_32_BIT_CONVERSION = YES;
				GCC_WARN_ABOUT_RETURN_TYPE = YES_ERROR;
				GCC_WARN_UNDECLARED_SELECTOR = YES;
				GCC_WARN_UNINITIALIZED_AUTOS = YES_AGGRESSIVE;
				GCC_WARN_UNUSED_FUNCTION = YES;
				GCC_WARN_UNUSED_VARIABLE = YES;
				IPHONEOS_DEPLOYMENT_TARGET = 17.5;
				LOCALIZATION_PREFERS_STRING_CATALOGS = YES;
				MTL_ENABLE_DEBUG_INFO = NO;
				MTL_FAST_MATH = YES;
				SDKROOT = iphoneos;
				SWIFT_COMPILATION_MODE = wholemodule;
				VALIDATE_PRODUCT = YES;
			};
			name = Release;
		};
		D68512492C15C2E800B1DA1A /* Debug */ = {
			isa = XCBuildConfiguration;
			buildSettings = {
				ASSETCATALOG_COMPILER_APPICON_NAME = AppIcon;
				ASSETCATALOG_COMPILER_GLOBAL_ACCENT_COLOR_NAME = AccentColor;
				CODE_SIGN_STYLE = Automatic;
				CURRENT_PROJECT_VERSION = 1;
				DEVELOPMENT_ASSET_PATHS = "\"GridSwipe/Preview Content\"";
				DEVELOPMENT_TEAM = 839946A53Q;
				ENABLE_PREVIEWS = YES;
				GENERATE_INFOPLIST_FILE = YES;
				INFOPLIST_KEY_UIApplicationSceneManifest_Generation = YES;
				INFOPLIST_KEY_UIApplicationSupportsIndirectInputEvents = YES;
				INFOPLIST_KEY_UILaunchScreen_Generation = YES;
				INFOPLIST_KEY_UISupportedInterfaceOrientations_iPad = "UIInterfaceOrientationPortrait UIInterfaceOrientationPortraitUpsideDown UIInterfaceOrientationLandscapeLeft UIInterfaceOrientationLandscapeRight";
				INFOPLIST_KEY_UISupportedInterfaceOrientations_iPhone = "UIInterfaceOrientationPortrait UIInterfaceOrientationLandscapeLeft UIInterfaceOrientationLandscapeRight";
				IPHONEOS_DEPLOYMENT_TARGET = 15.0;
				LD_RUNPATH_SEARCH_PATHS = (
					"$(inherited)",
					"@executable_path/Frameworks",
				);
				MARKETING_VERSION = 1.0;
				PRODUCT_BUNDLE_IDENTIFIER = "com.Uwa-Christian.GridSwipe";
				PRODUCT_NAME = "$(TARGET_NAME)";
				SWIFT_EMIT_LOC_STRINGS = YES;
				SWIFT_VERSION = 5.0;
				TARGETED_DEVICE_FAMILY = "1,2";
			};
			name = Debug;
		};
		D685124A2C15C2E800B1DA1A /* Release */ = {
			isa = XCBuildConfiguration;
			buildSettings = {
				ASSETCATALOG_COMPILER_APPICON_NAME = AppIcon;
				ASSETCATALOG_COMPILER_GLOBAL_ACCENT_COLOR_NAME = AccentColor;
				CODE_SIGN_STYLE = Automatic;
				CURRENT_PROJECT_VERSION = 1;
				DEVELOPMENT_ASSET_PATHS = "\"GridSwipe/Preview Content\"";
				DEVELOPMENT_TEAM = 839946A53Q;
				ENABLE_PREVIEWS = YES;
				GENERATE_INFOPLIST_FILE = YES;
				INFOPLIST_KEY_UIApplicationSceneManifest_Generation = YES;
				INFOPLIST_KEY_UIApplicationSupportsIndirectInputEvents = YES;
				INFOPLIST_KEY_UILaunchScreen_Generation = YES;
				INFOPLIST_KEY_UISupportedInterfaceOrientations_iPad = "UIInterfaceOrientationPortrait UIInterfaceOrientationPortraitUpsideDown UIInterfaceOrientationLandscapeLeft UIInterfaceOrientationLandscapeRight";
				INFOPLIST_KEY_UISupportedInterfaceOrientations_iPhone = "UIInterfaceOrientationPortrait UIInterfaceOrientationLandscapeLeft UIInterfaceOrientationLandscapeRight";
				IPHONEOS_DEPLOYMENT_TARGET = 15.0;
				LD_RUNPATH_SEARCH_PATHS = (
					"$(inherited)",
					"@executable_path/Frameworks",
				);
				MARKETING_VERSION = 1.0;
				PRODUCT_BUNDLE_IDENTIFIER = "com.Uwa-Christian.GridSwipe";
				PRODUCT_NAME = "$(TARGET_NAME)";
				SWIFT_EMIT_LOC_STRINGS = YES;
				SWIFT_VERSION = 5.0;
				TARGETED_DEVICE_FAMILY = "1,2";
			};
			name = Release;
		};
		D685124C2C15C2E800B1DA1A /* Debug */ = {
			isa = XCBuildConfiguration;
			buildSettings = {
				ALWAYS_EMBED_SWIFT_STANDARD_LIBRARIES = YES;
				BUNDLE_LOADER = "$(TEST_HOST)";
				CODE_SIGN_STYLE = Automatic;
				CURRENT_PROJECT_VERSION = 1;
				DEVELOPMENT_TEAM = 839946A53Q;
				GENERATE_INFOPLIST_FILE = YES;
				IPHONEOS_DEPLOYMENT_TARGET = 17.5;
				MARKETING_VERSION = 1.0;
				PRODUCT_BUNDLE_IDENTIFIER = "com.Uwa-Christian.GridSwipeTests";
				PRODUCT_NAME = "$(TARGET_NAME)";
				SWIFT_EMIT_LOC_STRINGS = NO;
				SWIFT_VERSION = 5.0;
				TARGETED_DEVICE_FAMILY = "1,2";
				TEST_HOST = "$(BUILT_PRODUCTS_DIR)/GridSwipe.app/$(BUNDLE_EXECUTABLE_FOLDER_PATH)/GridSwipe";
			};
			name = Debug;
		};
		D685124D2C15C2E800B1DA1A /* Release */ = {
			isa = XCBuildConfiguration;
			buildSettings = {
				ALWAYS_EMBED_SWIFT_STANDARD_LIBRARIES = YES;
				BUNDLE_LOADER = "$(TEST_HOST)";
				CODE_SIGN_STYLE = Automatic;
				CURRENT_PROJECT_VERSION = 1;
				DEVELOPMENT_TEAM = 839946A53Q;
				GENERATE_INFOPLIST_FILE = YES;
				IPHONEOS_DEPLOYMENT_TARGET = 17.5;
				MARKETING_VERSION = 1.0;
				PRODUCT_BUNDLE_IDENTIFIER = "com.Uwa-Christian.GridSwipeTests";
				PRODUCT_NAME = "$(TARGET_NAME)";
				SWIFT_EMIT_LOC_STRINGS = NO;
				SWIFT_VERSION = 5.0;
				TARGETED_DEVICE_FAMILY = "1,2";
				TEST_HOST = "$(BUILT_PRODUCTS_DIR)/GridSwipe.app/$(BUNDLE_EXECUTABLE_FOLDER_PATH)/GridSwipe";
			};
			name = Release;
		};
		D685124F2C15C2E800B1DA1A /* Debug */ = {
			isa = XCBuildConfiguration;
			buildSettings = {
				ALWAYS_EMBED_SWIFT_STANDARD_LIBRARIES = YES;
				CODE_SIGN_STYLE = Automatic;
				CURRENT_PROJECT_VERSION = 1;
				DEVELOPMENT_TEAM = 839946A53Q;
				GENERATE_INFOPLIST_FILE = YES;
				MARKETING_VERSION = 1.0;
				PRODUCT_BUNDLE_IDENTIFIER = "com.Uwa-Christian.GridSwipeUITests";
				PRODUCT_NAME = "$(TARGET_NAME)";
				SWIFT_EMIT_LOC_STRINGS = NO;
				SWIFT_VERSION = 5.0;
				TARGETED_DEVICE_FAMILY = "1,2";
				TEST_TARGET_NAME = GridSwipe;
			};
			name = Debug;
		};
		D68512502C15C2E800B1DA1A /* Release */ = {
			isa = XCBuildConfiguration;
			buildSettings = {
				ALWAYS_EMBED_SWIFT_STANDARD_LIBRARIES = YES;
				CODE_SIGN_STYLE = Automatic;
				CURRENT_PROJECT_VERSION = 1;
				DEVELOPMENT_TEAM = 839946A53Q;
				GENERATE_INFOPLIST_FILE = YES;
				MARKETING_VERSION = 1.0;
				PRODUCT_BUNDLE_IDENTIFIER = "com.Uwa-Christian.GridSwipeUITests";
				PRODUCT_NAME = "$(TARGET_NAME)";
				SWIFT_EMIT_LOC_STRINGS = NO;
				SWIFT_VERSION = 5.0;
				TARGETED_DEVICE_FAMILY = "1,2";
				TEST_TARGET_NAME = GridSwipe;
			};
			name = Release;
		};
/* End XCBuildConfiguration section */

/* Begin XCConfigurationList section */
		D685121F2C15C2E500B1DA1A /* Build configuration list for PBXProject "GridSwipe" */ = {
			isa = XCConfigurationList;
			buildConfigurations = (
				D68512462C15C2E800B1DA1A /* Debug */,
				D68512472C15C2E800B1DA1A /* Release */,
			);
			defaultConfigurationIsVisible = 0;
			defaultConfigurationName = Release;
		};
		D68512482C15C2E800B1DA1A /* Build configuration list for PBXNativeTarget "GridSwipe" */ = {
			isa = XCConfigurationList;
			buildConfigurations = (
				D68512492C15C2E800B1DA1A /* Debug */,
				D685124A2C15C2E800B1DA1A /* Release */,
			);
			defaultConfigurationIsVisible = 0;
			defaultConfigurationName = Release;
		};
		D685124B2C15C2E800B1DA1A /* Build configuration list for PBXNativeTarget "GridSwipeTests" */ = {
			isa = XCConfigurationList;
			buildConfigurations = (
				D685124C2C15C2E800B1DA1A /* Debug */,
				D685124D2C15C2E800B1DA1A /* Release */,
			);
			defaultConfigurationIsVisible = 0;
			defaultConfigurationName = Release;
		};
		D685124E2C15C2E800B1DA1A /* Build configuration list for PBXNativeTarget "GridSwipeUITests" */ = {
			isa = XCConfigurationList;
			buildConfigurations = (
				D685124F2C15C2E800B1DA1A /* Debug */,
				D68512502C15C2E800B1DA1A /* Release */,
			);
			defaultConfigurationIsVisible = 0;
			defaultConfigurationName = Release;
		};
/* End XCConfigurationList section */
	};
	rootObject = D685121C2C15C2E500B1DA1A /* Project object */;
}
